
Microsoft Visual Studio Solution File, Format Version 12.00
# Visual Studio Version 16
VisualStudioVersion = 16.0.30907.101
MinimumVisualStudioVersion = 10.0.40219.1
Project("{FAE04EC0-301F-11D3-BF4B-00C04F79EFBC}") = "WinTool", "botv1\WinTool.csproj", "{46E3798D-8ADA-4687-A862-85F40158739D}"
EndProject
Global
	GlobalSection(SolutionConfigurationPlatforms) = preSolution
		Debug|Any CPU = Debug|Any CPU
		Debug|x64 = Debug|x64
		Release|Any CPU = Release|Any CPU
		Release|x64 = Release|x64
	EndGlobalSection
	GlobalSection(ProjectConfigurationPlatforms) = postSolution
		{46E3798D-8ADA-4687-A862-85F40158739D}.Debug|Any CPU.ActiveCfg = Debug|Any CPU
		{46E3798D-8ADA-4687-A862-85F40158739D}.Debug|Any CPU.Build.0 = Debug|Any CPU
		{46E3798D-8ADA-4687-A862-85F40158739D}.Debug|x64.ActiveCfg = Debug|x64
		{46E3798D-8ADA-4687-A862-85F40158739D}.Debug|x64.Build.0 = Debug|x64
		{46E3798D-8ADA-4687-A862-85F40158739D}.Release|Any CPU.ActiveCfg = Release|Any CPU
		{46E3798D-8ADA-4687-A862-85F40158739D}.Release|Any CPU.Build.0 = Release|Any CPU
		{46E3798D-8ADA-4687-A862-85F40158739D}.Release|x64.ActiveCfg = Release|x64
		{46E3798D-8ADA-4687-A862-85F40158739D}.Release|x64.Build.0 = Release|x64
	EndGlobalSection
	GlobalSection(SolutionProperties) = preSolution
		HideSolutionNode = FALSE
	EndGlobalSection
	GlobalSection(ExtensibilityGlobals) = postSolution
		SolutionGuid = {1D5BD7C0-A172-44B3-8E37-B5384B3BB677}
	EndGlobalSection
EndGlobal
